
Microsoft Visual Studio Solution File, Format Version 12.00
# Visual Studio Version 16
VisualStudioVersion = 16.0.29102.190
MinimumVisualStudioVersion = 10.0.40219.1
Project("{9A19103F-16F7-4668-BE54-9A1E7A4F7556}") = "Platform.Numbers", "Platform.Numbers\Platform.Numbers.csproj", "{F260C339-4FD4-4B05-A514-9BD815350B65}"
EndProject
Project("{9A19103F-16F7-4668-BE54-9A1E7A4F7556}") = "Platform.Numbers.Benchmarks", "Platform.Numbers.Benchmarks\Platform.Numbers.Benchmarks.csproj", "{522CB950-BD0C-432E-B570-6C1E8EF7C292}"
EndProject
Project("{9A19103F-16F7-4668-BE54-9A1E7A4F7556}") = "Platform.Numbers.Tests", "Platform.Numbers.Tests\Platform.Numbers.Tests.csproj", "{E1B4D909-847F-4304-A9A4-C03777D162F6}"
EndProject
Global
	GlobalSection(SolutionConfigurationPlatforms) = preSolution
		Debug|Any CPU = Debug|Any CPU
		Debug|x64 = Debug|x64
		Release|Any CPU = Release|Any CPU
		Release|x64 = Release|x64
	EndGlobalSection
	GlobalSection(ProjectConfigurationPlatforms) = postSolution
		{F260C339-4FD4-4B05-A514-9BD815350B65}.Debug|Any CPU.ActiveCfg = Debug|Any CPU
		{F260C339-4FD4-4B05-A514-9BD815350B65}.Debug|Any CPU.Build.0 = Debug|Any CPU
		{F260C339-4FD4-4B05-A514-9BD815350B65}.Debug|x64.ActiveCfg = Debug|Any CPU
		{F260C339-4FD4-4B05-A514-9BD815350B65}.Debug|x64.Build.0 = Debug|Any CPU
		{F260C339-4FD4-4B05-A514-9BD815350B65}.Release|Any CPU.ActiveCfg = Release|Any CPU
		{F260C339-4FD4-4B05-A514-9BD815350B65}.Release|Any CPU.Build.0 = Release|Any CPU
		{F260C339-4FD4-4B05-A514-9BD815350B65}.Release|x64.ActiveCfg = Release|Any CPU
		{F260C339-4FD4-4B05-A514-9BD815350B65}.Release|x64.Build.0 = Release|Any CPU
		{522CB950-BD0C-432E-B570-6C1E8EF7C292}.Debug|Any CPU.ActiveCfg = Debug|Any CPU
		{522CB950-BD0C-432E-B570-6C1E8EF7C292}.Debug|Any CPU.Build.0 = Debug|Any CPU
		{522CB950-BD0C-432E-B570-6C1E8EF7C292}.Debug|x64.ActiveCfg = Debug|Any CPU
		{522CB950-BD0C-432E-B570-6C1E8EF7C292}.Debug|x64.Build.0 = Debug|Any CPU
		{522CB950-BD0C-432E-B570-6C1E8EF7C292}.Release|Any CPU.ActiveCfg = Release|Any CPU
		{522CB950-BD0C-432E-B570-6C1E8EF7C292}.Release|Any CPU.Build.0 = Release|Any CPU
		{522CB950-BD0C-432E-B570-6C1E8EF7C292}.Release|x64.ActiveCfg = Release|Any CPU
		{522CB950-BD0C-432E-B570-6C1E8EF7C292}.Release|x64.Build.0 = Release|Any CPU
		{E1B4D909-847F-4304-A9A4-C03777D162F6}.Debug|Any CPU.ActiveCfg = Debug|Any CPU
		{E1B4D909-847F-4304-A9A4-C03777D162F6}.Debug|Any CPU.Build.0 = Debug|Any CPU
		{E1B4D909-847F-4304-A9A4-C03777D162F6}.Debug|x64.ActiveCfg = Debug|Any CPU
		{E1B4D909-847F-4304-A9A4-C03777D162F6}.Debug|x64.Build.0 = Debug|Any CPU
		{E1B4D909-847F-4304-A9A4-C03777D162F6}.Release|Any CPU.ActiveCfg = Release|Any CPU
		{E1B4D909-847F-4304-A9A4-C03777D162F6}.Release|Any CPU.Build.0 = Release|Any CPU
		{E1B4D909-847F-4304-A9A4-C03777D162F6}.Release|x64.ActiveCfg = Release|Any CPU
		{E1B4D909-847F-4304-A9A4-C03777D162F6}.Release|x64.Build.0 = Release|Any CPU
	EndGlobalSection
	GlobalSection(SolutionProperties) = preSolution
		HideSolutionNode = FALSE
	EndGlobalSection
	GlobalSection(ExtensibilityGlobals) = postSolution
		SolutionGuid = {F4ACFD92-7367-41AE-9142-E5E6C06E4528}
	EndGlobalSection
EndGlobal
